
Microsoft Visual Studio Solution File, Format Version 12.00
# Visual Studio 15
VisualStudioVersion = 15.0.28307.438
MinimumVisualStudioVersion = 10.0.40219.1
Project("{FAE04EC0-301F-11D3-BF4B-00C04F79EFBC}") = "LowLevelInput", "LowLevelInput.csproj", "{D0CD57F8-467B-4E17-A255-6320A5A99B48}"
EndProject
Global
	GlobalSection(SolutionConfigurationPlatforms) = preSolution
		Debug|Any CPU = Debug|Any CPU
		Release|Any CPU = Release|Any CPU
	EndGlobalSection
	GlobalSection(ProjectConfigurationPlatforms) = postSolution
		{D0CD57F8-467B-4E17-A255-6320A5A99B48}.Debug|Any CPU.ActiveCfg = Debug|Any CPU
		{D0CD57F8-467B-4E17-A255-6320A5A99B48}.Debug|Any CPU.Build.0 = Debug|Any CPU
		{D0CD57F8-467B-4E17-A255-6320A5A99B48}.Release|Any CPU.ActiveCfg = Release|Any CPU
		{D0CD57F8-467B-4E17-A255-6320A5A99B48}.Release|Any CPU.Build.0 = Release|Any CPU
	EndGlobalSection
	GlobalSection(SolutionProperties) = preSolution
		HideSolutionNode = FALSE
	EndGlobalSection
	GlobalSection(ExtensibilityGlobals) = postSolution
		SolutionGuid = {A5FC8508-92D5-4B63-BF90-EA19B0CD7759}
	EndGlobalSection
EndGlobal
